
Microsoft Visual Studio Solution File, Format Version 12.00
# Visual Studio 15
Project("{FAE04EC0-301F-11D3-BF4B-00C04F79EFBC}") = "Assembly-CSharp", "Assembly-CSharp.csproj", "{029CA3CD-53FB-5174-2802-B382AB5DCFAE}"
EndProject
Project("{FAE04EC0-301F-11D3-BF4B-00C04F79EFBC}") = "NativeShare.Runtime", "NativeShare.Runtime.csproj", "{AFD48707-59EF-2348-B679-B0ED3545BEEB}"
EndProject
Project("{FAE04EC0-301F-11D3-BF4B-00C04F79EFBC}") = "NativeShare.Editor", "NativeShare.Editor.csproj", "{4E7F841F-71BD-780C-A129-EEFFCC39945F}"
EndProject
Global
	GlobalSection(SolutionConfigurationPlatforms) = preSolution
		Debug|Any CPU = Debug|Any CPU
		Release|Any CPU = Release|Any CPU
	EndGlobalSection
	GlobalSection(ProjectConfigurationPlatforms) = postSolution
		{029CA3CD-53FB-5174-2802-B382AB5DCFAE}.Debug|Any CPU.ActiveCfg = Debug|Any CPU
		{029CA3CD-53FB-5174-2802-B382AB5DCFAE}.Debug|Any CPU.Build.0 = Debug|Any CPU
		{029CA3CD-53FB-5174-2802-B382AB5DCFAE}.Release|Any CPU.ActiveCfg = Release|Any CPU
		{029CA3CD-53FB-5174-2802-B382AB5DCFAE}.Release|Any CPU.Build.0 = Release|Any CPU
		{AFD48707-59EF-2348-B679-B0ED3545BEEB}.Debug|Any CPU.ActiveCfg = Debug|Any CPU
		{AFD48707-59EF-2348-B679-B0ED3545BEEB}.Debug|Any CPU.Build.0 = Debug|Any CPU
		{AFD48707-59EF-2348-B679-B0ED3545BEEB}.Release|Any CPU.ActiveCfg = Release|Any CPU
		{AFD48707-59EF-2348-B679-B0ED3545BEEB}.Release|Any CPU.Build.0 = Release|Any CPU
		{4E7F841F-71BD-780C-A129-EEFFCC39945F}.Debug|Any CPU.ActiveCfg = Debug|Any CPU
		{4E7F841F-71BD-780C-A129-EEFFCC39945F}.Debug|Any CPU.Build.0 = Debug|Any CPU
		{4E7F841F-71BD-780C-A129-EEFFCC39945F}.Release|Any CPU.ActiveCfg = Release|Any CPU
		{4E7F841F-71BD-780C-A129-EEFFCC39945F}.Release|Any CPU.Build.0 = Release|Any CPU
	EndGlobalSection
	GlobalSection(SolutionProperties) = preSolution
		HideSolutionNode = FALSE
	EndGlobalSection
EndGlobal
